
Microsoft Visual Studio Solution File, Format Version 12.00
# Visual Studio Version 17
VisualStudioVersion = 17.5.33627.172
MinimumVisualStudioVersion = 10.0.40219.1
Project("{2150E333-8FDC-42A3-9474-1A3956D46DE8}") = "Core", "Core", "{82AFC39D-6348-49BC-8D9D-EC67170F3DA2}"
EndProject
Project("{2150E333-8FDC-42A3-9474-1A3956D46DE8}") = "Domain", "Domain", "{4C45D9D8-F425-4621-8925-17561730D353}"
EndProject
Project("{2150E333-8FDC-42A3-9474-1A3956D46DE8}") = "Application", "Application", "{D79AE91E-F9DA-48DA-8C88-A9C12AF8A287}"
EndProject
Project("{2150E333-8FDC-42A3-9474-1A3956D46DE8}") = "Presentation", "Presentation", "{6EE1D5B1-2C44-45CE-89DA-4C94A34CE8BC}"
EndProject
Project("{2150E333-8FDC-42A3-9474-1A3956D46DE8}") = "Infrastructure", "Infrastructure", "{AB907B03-C302-4C09-B8FF-241929CB1CC0}"
EndProject
Project("{9A19103F-16F7-4668-BE54-9A1E7A4F7556}") = "Kanban.Application", "Core\Application\Kanban.Application\Kanban.Application.csproj", "{42D27BF2-CF83-4A29-80FF-CB629EA91275}"
EndProject
Project("{9A19103F-16F7-4668-BE54-9A1E7A4F7556}") = "Kanban.Domain", "Core\Domain\Kanban.Domain\Kanban.Domain.csproj", "{FE76E785-3059-4D5C-8A94-3303ED6BF3C0}"
EndProject
Project("{9A19103F-16F7-4668-BE54-9A1E7A4F7556}") = "Kanban.Infrastructure", "Infrastructure\Kanban.Infrastructure\Kanban.Infrastructure.csproj", "{EAC1E9AE-34ED-4CE9-8508-55AF46B621B6}"
EndProject
Project("{9A19103F-16F7-4668-BE54-9A1E7A4F7556}") = "KanbanBackend", "Presentation\KanbanBackend\KanbanBackend.csproj", "{B834EB79-89B6-4EF8-A062-E6448330BF0D}"
EndProject
Project("{2150E333-8FDC-42A3-9474-1A3956D46DE8}") = "Tests", "Tests", "{0B334661-0B7D-42BC-80EC-A7C63920FFC0}"
EndProject
Project("{FAE04EC0-301F-11D3-BF4B-00C04F79EFBC}") = "Kanban.Tests", "..\Kanban.Tests\Kanban.Tests.csproj", "{C955D06C-75E5-4DAE-BA60-8627B704665C}"
EndProject
Global
	GlobalSection(SolutionConfigurationPlatforms) = preSolution
		Debug|Any CPU = Debug|Any CPU
		Release|Any CPU = Release|Any CPU
	EndGlobalSection
	GlobalSection(ProjectConfigurationPlatforms) = postSolution
		{42D27BF2-CF83-4A29-80FF-CB629EA91275}.Debug|Any CPU.ActiveCfg = Debug|Any CPU
		{42D27BF2-CF83-4A29-80FF-CB629EA91275}.Debug|Any CPU.Build.0 = Debug|Any CPU
		{42D27BF2-CF83-4A29-80FF-CB629EA91275}.Release|Any CPU.ActiveCfg = Release|Any CPU
		{42D27BF2-CF83-4A29-80FF-CB629EA91275}.Release|Any CPU.Build.0 = Release|Any CPU
		{FE76E785-3059-4D5C-8A94-3303ED6BF3C0}.Debug|Any CPU.ActiveCfg = Debug|Any CPU
		{FE76E785-3059-4D5C-8A94-3303ED6BF3C0}.Debug|Any CPU.Build.0 = Debug|Any CPU
		{FE76E785-3059-4D5C-8A94-3303ED6BF3C0}.Release|Any CPU.ActiveCfg = Release|Any CPU
		{FE76E785-3059-4D5C-8A94-3303ED6BF3C0}.Release|Any CPU.Build.0 = Release|Any CPU
		{EAC1E9AE-34ED-4CE9-8508-55AF46B621B6}.Debug|Any CPU.ActiveCfg = Debug|Any CPU
		{EAC1E9AE-34ED-4CE9-8508-55AF46B621B6}.Debug|Any CPU.Build.0 = Debug|Any CPU
		{EAC1E9AE-34ED-4CE9-8508-55AF46B621B6}.Release|Any CPU.ActiveCfg = Release|Any CPU
		{EAC1E9AE-34ED-4CE9-8508-55AF46B621B6}.Release|Any CPU.Build.0 = Release|Any CPU
		{B834EB79-89B6-4EF8-A062-E6448330BF0D}.Debug|Any CPU.ActiveCfg = Debug|Any CPU
		{B834EB79-89B6-4EF8-A062-E6448330BF0D}.Debug|Any CPU.Build.0 = Debug|Any CPU
		{B834EB79-89B6-4EF8-A062-E6448330BF0D}.Release|Any CPU.ActiveCfg = Release|Any CPU
		{B834EB79-89B6-4EF8-A062-E6448330BF0D}.Release|Any CPU.Build.0 = Release|Any CPU
		{C955D06C-75E5-4DAE-BA60-8627B704665C}.Debug|Any CPU.ActiveCfg = Debug|Any CPU
		{C955D06C-75E5-4DAE-BA60-8627B704665C}.Debug|Any CPU.Build.0 = Debug|Any CPU
		{C955D06C-75E5-4DAE-BA60-8627B704665C}.Release|Any CPU.ActiveCfg = Release|Any CPU
		{C955D06C-75E5-4DAE-BA60-8627B704665C}.Release|Any CPU.Build.0 = Release|Any CPU
	EndGlobalSection
	GlobalSection(SolutionProperties) = preSolution
		HideSolutionNode = FALSE
	EndGlobalSection
	GlobalSection(NestedProjects) = preSolution
		{4C45D9D8-F425-4621-8925-17561730D353} = {82AFC39D-6348-49BC-8D9D-EC67170F3DA2}
		{D79AE91E-F9DA-48DA-8C88-A9C12AF8A287} = {82AFC39D-6348-49BC-8D9D-EC67170F3DA2}
		{42D27BF2-CF83-4A29-80FF-CB629EA91275} = {D79AE91E-F9DA-48DA-8C88-A9C12AF8A287}
		{FE76E785-3059-4D5C-8A94-3303ED6BF3C0} = {4C45D9D8-F425-4621-8925-17561730D353}
		{EAC1E9AE-34ED-4CE9-8508-55AF46B621B6} = {AB907B03-C302-4C09-B8FF-241929CB1CC0}
		{B834EB79-89B6-4EF8-A062-E6448330BF0D} = {6EE1D5B1-2C44-45CE-89DA-4C94A34CE8BC}
		{C955D06C-75E5-4DAE-BA60-8627B704665C} = {0B334661-0B7D-42BC-80EC-A7C63920FFC0}
	EndGlobalSection
	GlobalSection(ExtensibilityGlobals) = postSolution
		SolutionGuid = {E76B788D-20B1-48E8-973C-E1EA8DE5DB7A}
	EndGlobalSection
EndGlobal
